// !$*UTF8*$!
{
	archiveVersion = 1;
	classes = {
	};
	objectVersion = 50;
	objects = {

/* Begin PBXBuildFile section */
		FFC0668B240F7F650005C4D7 /* LoginCore.framework in Frameworks */ = {isa = PBXBuildFile; fileRef = FFC06681240F7F650005C4D7 /* LoginCore.framework */; };
		FFC06690240F7F650005C4D7 /* LoginCoreTests.swift in Sources */ = {isa = PBXBuildFile; fileRef = FFC0668F240F7F650005C4D7 /* LoginCoreTests.swift */; };
		FFC06692240F7F650005C4D7 /* LoginCore.h in Headers */ = {isa = PBXBuildFile; fileRef = FFC06684240F7F650005C4D7 /* LoginCore.h */; settings = {ATTRIBUTES = (Public, ); }; };
		FFC0669D240F890A0005C4D7 /* Session.swift in Sources */ = {isa = PBXBuildFile; fileRef = FFC0669C240F890A0005C4D7 /* Session.swift */; };
		FFC0669F240F8E120005C4D7 /* LoginCore.swift in Sources */ = {isa = PBXBuildFile; fileRef = FFC0669E240F8E120005C4D7 /* LoginCore.swift */; };
/* End PBXBuildFile section */

/* Begin PBXContainerItemProxy section */
		FFC0668C240F7F650005C4D7 /* PBXContainerItemProxy */ = {
			isa = PBXContainerItemProxy;
			containerPortal = FFC06678240F7F650005C4D7 /* Project object */;
			proxyType = 1;
			remoteGlobalIDString = FFC06680240F7F650005C4D7;
			remoteInfo = LoginCore;
		};
/* End PBXContainerItemProxy section */

/* Begin PBXFileReference section */
		FFC06681240F7F650005C4D7 /* LoginCore.framework */ = {isa = PBXFileReference; explicitFileType = wrapper.framework; includeInIndex = 0; path = LoginCore.framework; sourceTree = BUILT_PRODUCTS_DIR; };
		FFC06684240F7F650005C4D7 /* LoginCore.h */ = {isa = PBXFileReference; lastKnownFileType = sourcecode.c.h; path = LoginCore.h; sourceTree = "<group>"; };
		FFC06685240F7F650005C4D7 /* Info.plist */ = {isa = PBXFileReference; lastKnownFileType = text.plist.xml; path = Info.plist; sourceTree = "<group>"; };
		FFC0668A240F7F650005C4D7 /* LoginCoreTests.xctest */ = {isa = PBXFileReference; explicitFileType = wrapper.cfbundle; includeInIndex = 0; path = LoginCoreTests.xctest; sourceTree = BUILT_PRODUCTS_DIR; };
		FFC0668F240F7F650005C4D7 /* LoginCoreTests.swift */ = {isa = PBXFileReference; lastKnownFileType = sourcecode.swift; path = LoginCoreTests.swift; sourceTree = "<group>"; };
		FFC06691240F7F650005C4D7 /* Info.plist */ = {isa = PBXFileReference; lastKnownFileType = text.plist.xml; path = Info.plist; sourceTree = "<group>"; };
		FFC0669C240F890A0005C4D7 /* Session.swift */ = {isa = PBXFileReference; lastKnownFileType = sourcecode.swift; path = Session.swift; sourceTree = "<group>"; };
		FFC0669E240F8E120005C4D7 /* LoginCore.swift */ = {isa = PBXFileReference; lastKnownFileType = sourcecode.swift; path = LoginCore.swift; sourceTree = "<group>"; };
/* End PBXFileReference section */

/* Begin PBXFrameworksBuildPhase section */
		FFC0667E240F7F650005C4D7 /* Frameworks */ = {
			isa = PBXFrameworksBuildPhase;
			buildActionMask = 2147483647;
			files = (
			);
			runOnlyForDeploymentPostprocessing = 0;
		};
		FFC06687240F7F650005C4D7 /* Frameworks */ = {
			isa = PBXFrameworksBuildPhase;
			buildActionMask = 2147483647;
			files = (
				FFC0668B240F7F650005C4D7 /* LoginCore.framework in Frameworks */,
			);
			runOnlyForDeploymentPostprocessing = 0;
		};
/* End PBXFrameworksBuildPhase section */

/* Begin PBXGroup section */
		FFC06677240F7F650005C4D7 = {
			isa = PBXGroup;
			children = (
				FFC0669E240F8E120005C4D7 /* LoginCore.swift */,
				FFC0669B240F88F70005C4D7 /* Core */,
				FFC06683240F7F650005C4D7 /* LoginCore */,
				FFC0668E240F7F650005C4D7 /* LoginCoreTests */,
				FFC06682240F7F650005C4D7 /* Products */,
			);
			sourceTree = "<group>";
		};
		FFC06682240F7F650005C4D7 /* Products */ = {
			isa = PBXGroup;
			children = (
				FFC06681240F7F650005C4D7 /* LoginCore.framework */,
				FFC0668A240F7F650005C4D7 /* LoginCoreTests.xctest */,
			);
			name = Products;
			sourceTree = "<group>";
		};
		FFC06683240F7F650005C4D7 /* LoginCore */ = {
			isa = PBXGroup;
			children = (
				FFC06684240F7F650005C4D7 /* LoginCore.h */,
				FFC06685240F7F650005C4D7 /* Info.plist */,
			);
			path = LoginCore;
			sourceTree = "<group>";
		};
		FFC0668E240F7F650005C4D7 /* LoginCoreTests */ = {
			isa = PBXGroup;
			children = (
				FFC0668F240F7F650005C4D7 /* LoginCoreTests.swift */,
				FFC06691240F7F650005C4D7 /* Info.plist */,
			);
			path = LoginCoreTests;
			sourceTree = "<group>";
		};
		FFC0669B240F88F70005C4D7 /* Core */ = {
			isa = PBXGroup;
			children = (
				FFC0669C240F890A0005C4D7 /* Session.swift */,
			);
			path = Core;
			sourceTree = "<group>";
		};
/* End PBXGroup section */

/* Begin PBXHeadersBuildPhase section */
		FFC0667C240F7F650005C4D7 /* Headers */ = {
			isa = PBXHeadersBuildPhase;
			buildActionMask = 2147483647;
			files = (
				FFC06692240F7F650005C4D7 /* LoginCore.h in Headers */,
			);
			runOnlyForDeploymentPostprocessing = 0;
		};
/* End PBXHeadersBuildPhase section */

/* Begin PBXNativeTarget section */
		FFC06680240F7F650005C4D7 /* LoginCore */ = {
			isa = PBXNativeTarget;
			buildConfigurationList = FFC06695240F7F650005C4D7 /* Build configuration list for PBXNativeTarget "LoginCore" */;
			buildPhases = (
				FFC0667C240F7F650005C4D7 /* Headers */,
				FFC0667D240F7F650005C4D7 /* Sources */,
				FFC0667E240F7F650005C4D7 /* Frameworks */,
				FFC0667F240F7F650005C4D7 /* Resources */,
			);
			buildRules = (
			);
			dependencies = (
			);
			name = LoginCore;
			productName = LoginCore;
			productReference = FFC06681240F7F650005C4D7 /* LoginCore.framework */;
			productType = "com.apple.product-type.framework";
		};
		FFC06689240F7F650005C4D7 /* LoginCoreTests */ = {
			isa = PBXNativeTarget;
			buildConfigurationList = FFC06698240F7F650005C4D7 /* Build configuration list for PBXNativeTarget "LoginCoreTests" */;
			buildPhases = (
				FFC06686240F7F650005C4D7 /* Sources */,
				FFC06687240F7F650005C4D7 /* Frameworks */,
				FFC06688240F7F650005C4D7 /* Resources */,
			);
			buildRules = (
			);
			dependencies = (
				FFC0668D240F7F650005C4D7 /* PBXTargetDependency */,
			);
			name = LoginCoreTests;
			productName = LoginCoreTests;
			productReference = FFC0668A240F7F650005C4D7 /* LoginCoreTests.xctest */;
			productType = "com.apple.product-type.bundle.unit-test";
		};
/* End PBXNativeTarget section */

/* Begin PBXProject section */
		FFC06678240F7F650005C4D7 /* Project object */ = {
			isa = PBXProject;
			attributes = {
				LastSwiftUpdateCheck = 1130;
				LastUpgradeCheck = 1130;
				ORGANIZATIONNAME = "BNT SOFT";
				TargetAttributes = {
					FFC06680240F7F650005C4D7 = {
						CreatedOnToolsVersion = 11.3;
						LastSwiftMigration = 1130;
					};
					FFC06689240F7F650005C4D7 = {
						CreatedOnToolsVersion = 11.3;
					};
				};
			};
			buildConfigurationList = FFC0667B240F7F650005C4D7 /* Build configuration list for PBXProject "LoginCore" */;
			compatibilityVersion = "Xcode 9.3";
			developmentRegion = en;
			hasScannedForEncodings = 0;
			knownRegions = (
				en,
				Base,
			);
			mainGroup = FFC06677240F7F650005C4D7;
			productRefGroup = FFC06682240F7F650005C4D7 /* Products */;
			projectDirPath = "";
			projectRoot = "";
			targets = (
				FFC06680240F7F650005C4D7 /* LoginCore */,
				FFC06689240F7F650005C4D7 /* LoginCoreTests */,
			);
		};
/* End PBXProject section */

/* Begin PBXResourcesBuildPhase section */
		FFC0667F240F7F650005C4D7 /* Resources */ = {
			isa = PBXResourcesBuildPhase;
			buildActionMask = 2147483647;
			files = (
			);
			runOnlyForDeploymentPostprocessing = 0;
		};
		FFC06688240F7F650005C4D7 /* Resources */ = {
			isa = PBXResourcesBuildPhase;
			buildActionMask = 2147483647;
			files = (
			);
			runOnlyForDeploymentPostprocessing = 0;
		};
/* End PBXResourcesBuildPhase section */

/* Begin PBXSourcesBuildPhase section */
		FFC0667D240F7F650005C4D7 /* Sources */ = {
			isa = PBXSourcesBuildPhase;
			buildActionMask = 2147483647;
			files = (
				FFC0669F240F8E120005C4D7 /* LoginCore.swift in Sources */,
				FFC0669D240F890A0005C4D7 /* Session.swift in Sources */,
			);
			runOnlyForDeploymentPostprocessing = 0;
		};
		FFC06686240F7F650005C4D7 /* Sources */ = {
			isa = PBXSourcesBuildPhase;
			buildActionMask = 2147483647;
			files = (
				FFC06690240F7F650005C4D7 /* LoginCoreTests.swift in Sources */,
			);
			runOnlyForDeploymentPostprocessing = 0;
		};
/* End PBXSourcesBuildPhase section */

/* Begin PBXTargetDependency section */
		FFC0668D240F7F650005C4D7 /* PBXTargetDependency */ = {
			isa = PBXTargetDependency;
			target = FFC06680240F7F650005C4D7 /* LoginCore */;
			targetProxy = FFC0668C240F7F650005C4D7 /* PBXContainerItemProxy */;
		};
/* End PBXTargetDependency section */

/* Begin XCBuildConfiguration section */
		FFC06693240F7F650005C4D7 /* Debug */ = {
			isa = XCBuildConfiguration;
			buildSettings = {
				ALWAYS_SEARCH_USER_PATHS = NO;
				CLANG_ANALYZER_NONNULL = YES;
				CLANG_ANALYZER_NUMBER_OBJECT_CONVERSION = YES_AGGRESSIVE;
				CLANG_CXX_LANGUAGE_STANDARD = "gnu++14";
				CLANG_CXX_LIBRARY = "libc++";
				CLANG_ENABLE_MODULES = YES;
				CLANG_ENABLE_OBJC_ARC = YES;
				CLANG_ENABLE_OBJC_WEAK = YES;
				CLANG_WARN_BLOCK_CAPTURE_AUTORELEASING = YES;
				CLANG_WARN_BOOL_CONVERSION = YES;
				CLANG_WARN_COMMA = YES;
				CLANG_WARN_CONSTANT_CONVERSION = YES;
				CLANG_WARN_DEPRECATED_OBJC_IMPLEMENTATIONS = YES;
				CLANG_WARN_DIRECT_OBJC_ISA_USAGE = YES_ERROR;
				CLANG_WARN_DOCUMENTATION_COMMENTS = YES;
				CLANG_WARN_EMPTY_BODY = YES;
				CLANG_WARN_ENUM_CONVERSION = YES;
				CLANG_WARN_INFINITE_RECURSION = YES;
				CLANG_WARN_INT_CONVERSION = YES;
				CLANG_WARN_NON_LITERAL_NULL_CONVERSION = YES;
				CLANG_WARN_OBJC_IMPLICIT_RETAIN_SELF = YES;
				CLANG_WARN_OBJC_LITERAL_CONVERSION = YES;
				CLANG_WARN_OBJC_ROOT_CLASS = YES_ERROR;
				CLANG_WARN_RANGE_LOOP_ANALYSIS = YES;
				CLANG_WARN_STRICT_PROTOTYPES = YES;
				CLANG_WARN_SUSPICIOUS_MOVE = YES;
				CLANG_WARN_UNGUARDED_AVAILABILITY = YES_AGGRESSIVE;
				CLANG_WARN_UNREACHABLE_CODE = YES;
				CLANG_WARN__DUPLICATE_METHOD_MATCH = YES;
				COPY_PHASE_STRIP = NO;
				CURRENT_PROJECT_VERSION = 1;
				DEBUG_INFORMATION_FORMAT = dwarf;
				ENABLE_STRICT_OBJC_MSGSEND = YES;
				ENABLE_TESTABILITY = YES;
				GCC_C_LANGUAGE_STANDARD = gnu11;
				GCC_DYNAMIC_NO_PIC = NO;
				GCC_NO_COMMON_BLOCKS = YES;
				GCC_OPTIMIZATION_LEVEL = 0;
				GCC_PREPROCESSOR_DEFINITIONS = (
					"DEBUG=1",
					"$(inherited)",
				);
				GCC_WARN_64_TO_32_BIT_CONVERSION = YES;
				GCC_WARN_ABOUT_RETURN_TYPE = YES_ERROR;
				GCC_WARN_UNDECLARED_SELECTOR = YES;
				GCC_WARN_UNINITIALIZED_AUTOS = YES_AGGRESSIVE;
				GCC_WARN_UNUSED_FUNCTION = YES;
				GCC_WARN_UNUSED_VARIABLE = YES;
				IPHONEOS_DEPLOYMENT_TARGET = 12.1;
				MTL_ENABLE_DEBUG_INFO = INCLUDE_SOURCE;
				MTL_FAST_MATH = YES;
				ONLY_ACTIVE_ARCH = YES;
				SDKROOT = iphoneos;
				SWIFT_ACTIVE_COMPILATION_CONDITIONS = DEBUG;
				SWIFT_OPTIMIZATION_LEVEL = "-Onone";
				VERSIONING_SYSTEM = "apple-generic";
				VERSION_INFO_PREFIX = "";
			};
			name = Debug;
		};
		FFC06694240F7F650005C4D7 /* Release */ = {
			isa = XCBuildConfiguration;
			buildSettings = {
				ALWAYS_SEARCH_USER_PATHS = NO;
				CLANG_ANALYZER_NONNULL = YES;
				CLANG_ANALYZER_NUMBER_OBJECT_CONVERSION = YES_AGGRESSIVE;
				CLANG_CXX_LANGUAGE_STANDARD = "gnu++14";
				CLANG_CXX_LIBRARY = "libc++";
				CLANG_ENABLE_MODULES = YES;
				CLANG_ENABLE_OBJC_ARC = YES;
				CLANG_ENABLE_OBJC_WEAK = YES;
				CLANG_WARN_BLOCK_CAPTURE_AUTORELEASING = YES;
				CLANG_WARN_BOOL_CONVERSION = YES;
				CLANG_WARN_COMMA = YES;
				CLANG_WARN_CONSTANT_CONVERSION = YES;
				CLANG_WARN_DEPRECATED_OBJC_IMPLEMENTATIONS = YES;
				CLANG_WARN_DIRECT_OBJC_ISA_USAGE = YES_ERROR;
				CLANG_WARN_DOCUMENTATION_COMMENTS = YES;
				CLANG_WARN_EMPTY_BODY = YES;
				CLANG_WARN_ENUM_CONVERSION = YES;
				CLANG_WARN_INFINITE_RECURSION = YES;
				CLANG_WARN_INT_CONVERSION = YES;
				CLANG_WARN_NON_LITERAL_NULL_CONVERSION = YES;
				CLANG_WARN_OBJC_IMPLICIT_RETAIN_SELF = YES;
				CLANG_WARN_OBJC_LITERAL_CONVERSION = YES;
				CLANG_WARN_OBJC_ROOT_CLASS = YES_ERROR;
				CLANG_WARN_RANGE_LOOP_ANALYSIS = YES;
				CLANG_WARN_STRICT_PROTOTYPES = YES;
				CLANG_WARN_SUSPICIOUS_MOVE = YES;
				CLANG_WARN_UNGUARDED_AVAILABILITY = YES_AGGRESSIVE;
				CLANG_WARN_UNREACHABLE_CODE = YES;
				CLANG_WARN__DUPLICATE_METHOD_MATCH = YES;
				COPY_PHASE_STRIP = NO;
				CURRENT_PROJECT_VERSION = 1;
				DEBUG_INFORMATION_FORMAT = "dwarf-with-dsym";
				ENABLE_NS_ASSERTIONS = NO;
				ENABLE_STRICT_OBJC_MSGSEND = YES;
				GCC_C_LANGUAGE_STANDARD = gnu11;
				GCC_NO_COMMON_BLOCKS = YES;
				GCC_WARN_64_TO_32_BIT_CONVERSION = YES;
				GCC_WARN_ABOUT_RETURN_TYPE = YES_ERROR;
				GCC_WARN_UNDECLARED_SELECTOR = YES;
				GCC_WARN_UNINITIALIZED_AUTOS = YES_AGGRESSIVE;
				GCC_WARN_UNUSED_FUNCTION = YES;
				GCC_WARN_UNUSED_VARIABLE = YES;
				IPHONEOS_DEPLOYMENT_TARGET = 12.1;
				MTL_ENABLE_DEBUG_INFO = NO;
				MTL_FAST_MATH = YES;
				SDKROOT = iphoneos;
				SWIFT_COMPILATION_MODE = wholemodule;
				SWIFT_OPTIMIZATION_LEVEL = "-O";
				VALIDATE_PRODUCT = YES;
				VERSIONING_SYSTEM = "apple-generic";
				VERSION_INFO_PREFIX = "";
			};
			name = Release;
		};
		FFC06696240F7F650005C4D7 /* Debug */ = {
			isa = XCBuildConfiguration;
			buildSettings = {
				CLANG_ENABLE_MODULES = YES;
				CODE_SIGN_STYLE = Automatic;
				DEFINES_MODULE = YES;
				DEVELOPMENT_TEAM = L382JZ3UVR;
				DYLIB_COMPATIBILITY_VERSION = 1;
				DYLIB_CURRENT_VERSION = 1;
				DYLIB_INSTALL_NAME_BASE = "@rpath";
				INFOPLIST_FILE = LoginCore/Info.plist;
				INSTALL_PATH = "$(LOCAL_LIBRARY_DIR)/Frameworks";
				IPHONEOS_DEPLOYMENT_TARGET = 12.1;
				LD_RUNPATH_SEARCH_PATHS = (
					"$(inherited)",
					"@executable_path/Frameworks",
					"@loader_path/Frameworks",
				);
				PRODUCT_BUNDLE_IDENTIFIER = com.bntsoft.LoginCore;
				PRODUCT_NAME = "$(TARGET_NAME:c99extidentifier)";
				SKIP_INSTALL = YES;
				SWIFT_OPTIMIZATION_LEVEL = "-Onone";
				SWIFT_VERSION = 5.0;
				TARGETED_DEVICE_FAMILY = "1,2";
			};
			name = Debug;
		};
		FFC06697240F7F650005C4D7 /* Release */ = {
			isa = XCBuildConfiguration;
			buildSettings = {
				CLANG_ENABLE_MODULES = YES;
				CODE_SIGN_STYLE = Automatic;
				DEFINES_MODULE = YES;
				DEVELOPMENT_TEAM = L382JZ3UVR;
				DYLIB_COMPATIBILITY_VERSION = 1;
				DYLIB_CURRENT_VERSION = 1;
				DYLIB_INSTALL_NAME_BASE = "@rpath";
				INFOPLIST_FILE = LoginCore/Info.plist;
				INSTALL_PATH = "$(LOCAL_LIBRARY_DIR)/Frameworks";
				IPHONEOS_DEPLOYMENT_TARGET = 12.1;
				LD_RUNPATH_SEARCH_PATHS = (
					"$(inherited)",
					"@executable_path/Frameworks",
					"@loader_path/Frameworks",
				);
				PRODUCT_BUNDLE_IDENTIFIER = com.bntsoft.LoginCore;
				PRODUCT_NAME = "$(TARGET_NAME:c99extidentifier)";
				SKIP_INSTALL = YES;
				SWIFT_VERSION = 5.0;
				TARGETED_DEVICE_FAMILY = "1,2";
			};
			name = Release;
		};
		FFC06699240F7F650005C4D7 /* Debug */ = {
			isa = XCBuildConfiguration;
			buildSettings = {
				ALWAYS_EMBED_SWIFT_STANDARD_LIBRARIES = YES;
				CODE_SIGN_STYLE = Automatic;
				DEVELOPMENT_TEAM = L382JZ3UVR;
				INFOPLIST_FILE = LoginCoreTests/Info.plist;
				LD_RUNPATH_SEARCH_PATHS = (
					"$(inherited)",
					"@executable_path/Frameworks",
					"@loader_path/Frameworks",
				);
				PRODUCT_BUNDLE_IDENTIFIER = com.bntsoft.LoginCoreTests;
				PRODUCT_NAME = "$(TARGET_NAME)";
				SWIFT_VERSION = 5.0;
				TARGETED_DEVICE_FAMILY = "1,2";
			};
			name = Debug;
		};
		FFC0669A240F7F650005C4D7 /* Release */ = {
			isa = XCBuildConfiguration;
			buildSettings = {
				ALWAYS_EMBED_SWIFT_STANDARD_LIBRARIES = YES;
				CODE_SIGN_STYLE = Automatic;
				DEVELOPMENT_TEAM = L382JZ3UVR;
				INFOPLIST_FILE = LoginCoreTests/Info.plist;
				LD_RUNPATH_SEARCH_PATHS = (
					"$(inherited)",
					"@executable_path/Frameworks",
					"@loader_path/Frameworks",
				);
				PRODUCT_BUNDLE_IDENTIFIER = com.bntsoft.LoginCoreTests;
				PRODUCT_NAME = "$(TARGET_NAME)";
				SWIFT_VERSION = 5.0;
				TARGETED_DEVICE_FAMILY = "1,2";
			};
			name = Release;
		};
/* End XCBuildConfiguration section */

/* Begin XCConfigurationList section */
		FFC0667B240F7F650005C4D7 /* Build configuration list for PBXProject "LoginCore" */ = {
			isa = XCConfigurationList;
			buildConfigurations = (
				FFC06693240F7F650005C4D7 /* Debug */,
				FFC06694240F7F650005C4D7 /* Release */,
			);
			defaultConfigurationIsVisible = 0;
			defaultConfigurationName = Release;
		};
		FFC06695240F7F650005C4D7 /* Build configuration list for PBXNativeTarget "LoginCore" */ = {
			isa = XCConfigurationList;
			buildConfigurations = (
				FFC06696240F7F650005C4D7 /* Debug */,
				FFC06697240F7F650005C4D7 /* Release */,
			);
			defaultConfigurationIsVisible = 0;
			defaultConfigurationName = Release;
		};
		FFC06698240F7F650005C4D7 /* Build configuration list for PBXNativeTarget "LoginCoreTests" */ = {
			isa = XCConfigurationList;
			buildConfigurations = (
				FFC06699240F7F650005C4D7 /* Debug */,
				FFC0669A240F7F650005C4D7 /* Release */,
			);
			defaultConfigurationIsVisible = 0;
			defaultConfigurationName = Release;
		};
/* End XCConfigurationList section */
	};
	rootObject = FFC06678240F7F650005C4D7 /* Project object */;
}
